// !$*UTF8*$!
{
	archiveVersion = 1;
	classes = {
	};
	objectVersion = 48;
	objects = {

/* Begin PBXBuildFile section */
		2C04FC4B1FD32D3F00D0A8FF /* SpectrumAnalyzer.swift in Sources */ = {isa = PBXBuildFile; fileRef = 2C04FC4A1FD32D3F00D0A8FF /* SpectrumAnalyzer.swift */; };
		2C1B1F5E1FCE556F0002C6AC /* SpectrumViewController.swift in Sources */ = {isa = PBXBuildFile; fileRef = 2C1B1F5D1FCE556F0002C6AC /* SpectrumViewController.swift */; };
		2C1B1F601FCE55810002C6AC /* DynamicsViewController.swift in Sources */ = {isa = PBXBuildFile; fileRef = 2C1B1F5F1FCE55810002C6AC /* DynamicsViewController.swift */; };
		2C1B1F621FCE55950002C6AC /* SpatialViewController.swift in Sources */ = {isa = PBXBuildFile; fileRef = 2C1B1F611FCE55950002C6AC /* SpatialViewController.swift */; };
		2C1B1F671FCE56330002C6AC /* SpatialConfigViewController.swift in Sources */ = {isa = PBXBuildFile; fileRef = 2C1B1F661FCE56330002C6AC /* SpatialConfigViewController.swift */; };
		2C1B1F691FCE567F0002C6AC /* DynamicsConfigViewController.swift in Sources */ = {isa = PBXBuildFile; fileRef = 2C1B1F681FCE567F0002C6AC /* DynamicsConfigViewController.swift */; };
		2C1B1F6B1FCE569D0002C6AC /* SpectrumConfigViewController.swift in Sources */ = {isa = PBXBuildFile; fileRef = 2C1B1F6A1FCE569D0002C6AC /* SpectrumConfigViewController.swift */; };
		2C1B1F701FCE64F30002C6AC /* AVFoundation.framework in Frameworks */ = {isa = PBXBuildFile; fileRef = 2C1B1F6F1FCE64E70002C6AC /* AVFoundation.framework */; };
		2C26688B1FD1170500F083C9 /* MeterBarView.swift in Sources */ = {isa = PBXBuildFile; fileRef = 2C26688A1FD1170500F083C9 /* MeterBarView.swift */; };
		2C26688D1FD1180100F083C9 /* MeterTicksView.swift in Sources */ = {isa = PBXBuildFile; fileRef = 2C26688C1FD1180100F083C9 /* MeterTicksView.swift */; };
		2C3049161FCFD197009CD922 /* OnePoleFilter.swift in Sources */ = {isa = PBXBuildFile; fileRef = 2C3049151FCFD197009CD922 /* OnePoleFilter.swift */; };
		2C3049211FCFED06009CD922 /* Trackers.swift in Sources */ = {isa = PBXBuildFile; fileRef = 2C3049201FCFED06009CD922 /* Trackers.swift */; };
		2C3049231FCFED4F009CD922 /* DynamicsAnalayzer.swift in Sources */ = {isa = PBXBuildFile; fileRef = 2C3049221FCFED4F009CD922 /* DynamicsAnalayzer.swift */; };
		2C3049251FCFEDA2009CD922 /* BaseTracker.swift in Sources */ = {isa = PBXBuildFile; fileRef = 2C3049241FCFEDA2009CD922 /* BaseTracker.swift */; };
		2C3049271FCFEE4C009CD922 /* Meter.swift in Sources */ = {isa = PBXBuildFile; fileRef = 2C3049261FCFEE4C009CD922 /* Meter.swift */; };
		2C3049291FCFFF1F009CD922 /* Holders.swift in Sources */ = {isa = PBXBuildFile; fileRef = 2C3049281FCFFF1F009CD922 /* Holders.swift */; };
		2C30492B1FD00D86009CD922 /* DecibelManager.swift in Sources */ = {isa = PBXBuildFile; fileRef = 2C30492A1FD00D86009CD922 /* DecibelManager.swift */; };
		2C30492D1FD01660009CD922 /* AudioController.swift in Sources */ = {isa = PBXBuildFile; fileRef = 2C30492C1FD01660009CD922 /* AudioController.swift */; };
		2C3049301FD02EC3009CD922 /* AudioToolbox.framework in Frameworks */ = {isa = PBXBuildFile; fileRef = 2C30492F1FD02EC3009CD922 /* AudioToolbox.framework */; };
		2C4A0ECA1FD3F2BC00324F38 /* FFT.swift in Sources */ = {isa = PBXBuildFile; fileRef = 2C4A0EC91FD3F2BC00324F38 /* FFT.swift */; };
		2C4A0ECC1FD40C0800324F38 /* SpectrumView.swift in Sources */ = {isa = PBXBuildFile; fileRef = 2C4A0ECB1FD40C0800324F38 /* SpectrumView.swift */; };
		2C4CE1A01FD6FD0E00619A4F /* SpatialAnalyzer.swift in Sources */ = {isa = PBXBuildFile; fileRef = 2C4CE19F1FD6FD0E00619A4F /* SpatialAnalyzer.swift */; };
		2C4CE1A21FD7007000619A4F /* PhaseMeter.swift in Sources */ = {isa = PBXBuildFile; fileRef = 2C4CE1A11FD7007000619A4F /* PhaseMeter.swift */; };
		2C4CE1A41FD7083B00619A4F /* Goniometer.swift in Sources */ = {isa = PBXBuildFile; fileRef = 2C4CE1A31FD7083B00619A4F /* Goniometer.swift */; };
		2C9FC93D1FD0ECB500A9DE5B /* MeterView.swift in Sources */ = {isa = PBXBuildFile; fileRef = 2C9FC93C1FD0ECB500A9DE5B /* MeterView.swift */; };
		2CB38E571FCE2C9F00CDC16B /* AppDelegate.swift in Sources */ = {isa = PBXBuildFile; fileRef = 2CB38E561FCE2C9F00CDC16B /* AppDelegate.swift */; };
		2CB38E5E1FCE2C9F00CDC16B /* Main.storyboard in Resources */ = {isa = PBXBuildFile; fileRef = 2CB38E5C1FCE2C9F00CDC16B /* Main.storyboard */; };
		2CB38E601FCE2C9F00CDC16B /* Assets.xcassets in Resources */ = {isa = PBXBuildFile; fileRef = 2CB38E5F1FCE2C9F00CDC16B /* Assets.xcassets */; };
		2CB38E631FCE2C9F00CDC16B /* LaunchScreen.storyboard in Resources */ = {isa = PBXBuildFile; fileRef = 2CB38E611FCE2C9F00CDC16B /* LaunchScreen.storyboard */; };
		2CDE04BB1FD6DB7B0063A5B2 /* LissajousView.swift in Sources */ = {isa = PBXBuildFile; fileRef = 2CDE04BA1FD6DB7B0063A5B2 /* LissajousView.swift */; };
		2CDE04BD1FD6DB990063A5B2 /* PhaseMeterView.swift in Sources */ = {isa = PBXBuildFile; fileRef = 2CDE04BC1FD6DB990063A5B2 /* PhaseMeterView.swift */; };
/* End PBXBuildFile section */

/* Begin PBXFileReference section */
		2C04FC4A1FD32D3F00D0A8FF /* SpectrumAnalyzer.swift */ = {isa = PBXFileReference; lastKnownFileType = sourcecode.swift; name = SpectrumAnalyzer.swift; path = AudioAnalyzer/DSP/Spectrum/SpectrumAnalyzer.swift; sourceTree = SOURCE_ROOT; };
		2C1B1F5D1FCE556F0002C6AC /* SpectrumViewController.swift */ = {isa = PBXFileReference; lastKnownFileType = sourcecode.swift; path = SpectrumViewController.swift; sourceTree = "<group>"; };
		2C1B1F5F1FCE55810002C6AC /* DynamicsViewController.swift */ = {isa = PBXFileReference; lastKnownFileType = sourcecode.swift; path = DynamicsViewController.swift; sourceTree = "<group>"; };
		2C1B1F611FCE55950002C6AC /* SpatialViewController.swift */ = {isa = PBXFileReference; lastKnownFileType = sourcecode.swift; path = SpatialViewController.swift; sourceTree = "<group>"; };
		2C1B1F661FCE56330002C6AC /* SpatialConfigViewController.swift */ = {isa = PBXFileReference; lastKnownFileType = sourcecode.swift; path = SpatialConfigViewController.swift; sourceTree = "<group>"; };
		2C1B1F681FCE567F0002C6AC /* DynamicsConfigViewController.swift */ = {isa = PBXFileReference; lastKnownFileType = sourcecode.swift; path = DynamicsConfigViewController.swift; sourceTree = "<group>"; };
		2C1B1F6A1FCE569D0002C6AC /* SpectrumConfigViewController.swift */ = {isa = PBXFileReference; lastKnownFileType = sourcecode.swift; path = SpectrumConfigViewController.swift; sourceTree = "<group>"; };
		2C1B1F6F1FCE64E70002C6AC /* AVFoundation.framework */ = {isa = PBXFileReference; lastKnownFileType = wrapper.framework; name = AVFoundation.framework; path = System/Library/Frameworks/AVFoundation.framework; sourceTree = SDKROOT; };
		2C26688A1FD1170500F083C9 /* MeterBarView.swift */ = {isa = PBXFileReference; lastKnownFileType = sourcecode.swift; path = MeterBarView.swift; sourceTree = "<group>"; };
		2C26688C1FD1180100F083C9 /* MeterTicksView.swift */ = {isa = PBXFileReference; lastKnownFileType = sourcecode.swift; path = MeterTicksView.swift; sourceTree = "<group>"; };
		2C3049151FCFD197009CD922 /* OnePoleFilter.swift */ = {isa = PBXFileReference; lastKnownFileType = sourcecode.swift; path = OnePoleFilter.swift; sourceTree = "<group>"; };
		2C3049201FCFED06009CD922 /* Trackers.swift */ = {isa = PBXFileReference; lastKnownFileType = sourcecode.swift; path = Trackers.swift; sourceTree = "<group>"; };
		2C3049221FCFED4F009CD922 /* DynamicsAnalayzer.swift */ = {isa = PBXFileReference; lastKnownFileType = sourcecode.swift; path = DynamicsAnalayzer.swift; sourceTree = "<group>"; };
		2C3049241FCFEDA2009CD922 /* BaseTracker.swift */ = {isa = PBXFileReference; lastKnownFileType = sourcecode.swift; path = BaseTracker.swift; sourceTree = "<group>"; };
		2C3049261FCFEE4C009CD922 /* Meter.swift */ = {isa = PBXFileReference; lastKnownFileType = sourcecode.swift; path = Meter.swift; sourceTree = "<group>"; };
		2C3049281FCFFF1F009CD922 /* Holders.swift */ = {isa = PBXFileReference; lastKnownFileType = sourcecode.swift; path = Holders.swift; sourceTree = "<group>"; };
		2C30492A1FD00D86009CD922 /* DecibelManager.swift */ = {isa = PBXFileReference; lastKnownFileType = sourcecode.swift; path = DecibelManager.swift; sourceTree = "<group>"; };
		2C30492C1FD01660009CD922 /* AudioController.swift */ = {isa = PBXFileReference; fileEncoding = 4; lastKnownFileType = sourcecode.swift; path = AudioController.swift; sourceTree = "<group>"; };
		2C30492E1FD02EC2009CD922 /* AudioAnalyzer.entitlements */ = {isa = PBXFileReference; lastKnownFileType = text.plist.entitlements; path = AudioAnalyzer.entitlements; sourceTree = "<group>"; };
		2C30492F1FD02EC3009CD922 /* AudioToolbox.framework */ = {isa = PBXFileReference; lastKnownFileType = wrapper.framework; name = AudioToolbox.framework; path = System/Library/Frameworks/AudioToolbox.framework; sourceTree = SDKROOT; };
		2C4A0EC91FD3F2BC00324F38 /* FFT.swift */ = {isa = PBXFileReference; lastKnownFileType = sourcecode.swift; path = FFT.swift; sourceTree = "<group>"; };
		2C4A0ECB1FD40C0800324F38 /* SpectrumView.swift */ = {isa = PBXFileReference; lastKnownFileType = sourcecode.swift; name = SpectrumView.swift; path = AudioAnalyzer/GUI/Spectrum/SpectrumView.swift; sourceTree = SOURCE_ROOT; };
		2C4CE19F1FD6FD0E00619A4F /* SpatialAnalyzer.swift */ = {isa = PBXFileReference; lastKnownFileType = sourcecode.swift; name = SpatialAnalyzer.swift; path = AudioAnalyzer/DSP/Spatial/SpatialAnalyzer.swift; sourceTree = SOURCE_ROOT; };
		2C4CE1A11FD7007000619A4F /* PhaseMeter.swift */ = {isa = PBXFileReference; lastKnownFileType = sourcecode.swift; name = PhaseMeter.swift; path = AudioAnalyzer/DSP/Spatial/PhaseMeter.swift; sourceTree = SOURCE_ROOT; };
		2C4CE1A31FD7083B00619A4F /* Goniometer.swift */ = {isa = PBXFileReference; lastKnownFileType = sourcecode.swift; name = Goniometer.swift; path = AudioAnalyzer/DSP/Spatial/Goniometer.swift; sourceTree = SOURCE_ROOT; };
		2C9FC93C1FD0ECB500A9DE5B /* MeterView.swift */ = {isa = PBXFileReference; lastKnownFileType = sourcecode.swift; path = MeterView.swift; sourceTree = "<group>"; };
		2CB38E531FCE2C9F00CDC16B /* AudioAnalyzer.app */ = {isa = PBXFileReference; explicitFileType = wrapper.application; includeInIndex = 0; path = AudioAnalyzer.app; sourceTree = BUILT_PRODUCTS_DIR; };
		2CB38E561FCE2C9F00CDC16B /* AppDelegate.swift */ = {isa = PBXFileReference; lastKnownFileType = sourcecode.swift; path = AppDelegate.swift; sourceTree = "<group>"; };
		2CB38E5D1FCE2C9F00CDC16B /* Base */ = {isa = PBXFileReference; lastKnownFileType = file.storyboard; name = Base; path = Base.lproj/Main.storyboard; sourceTree = "<group>"; };
		2CB38E5F1FCE2C9F00CDC16B /* Assets.xcassets */ = {isa = PBXFileReference; lastKnownFileType = folder.assetcatalog; path = Assets.xcassets; sourceTree = "<group>"; };
		2CB38E621FCE2C9F00CDC16B /* Base */ = {isa = PBXFileReference; lastKnownFileType = file.storyboard; name = Base; path = Base.lproj/LaunchScreen.storyboard; sourceTree = "<group>"; };
		2CB38E641FCE2C9F00CDC16B /* Info.plist */ = {isa = PBXFileReference; lastKnownFileType = text.plist.xml; path = Info.plist; sourceTree = "<group>"; };
		2CDE04BA1FD6DB7B0063A5B2 /* LissajousView.swift */ = {isa = PBXFileReference; lastKnownFileType = sourcecode.swift; path = LissajousView.swift; sourceTree = "<group>"; };
		2CDE04BC1FD6DB990063A5B2 /* PhaseMeterView.swift */ = {isa = PBXFileReference; lastKnownFileType = sourcecode.swift; path = PhaseMeterView.swift; sourceTree = "<group>"; };
/* End PBXFileReference section */

/* Begin PBXFrameworksBuildPhase section */
		2CB38E501FCE2C9F00CDC16B /* Frameworks */ = {
			isa = PBXFrameworksBuildPhase;
			buildActionMask = 2147483647;
			files = (
				2C1B1F701FCE64F30002C6AC /* AVFoundation.framework in Frameworks */,
				2C3049301FD02EC3009CD922 /* AudioToolbox.framework in Frameworks */,
			);
			runOnlyForDeploymentPostprocessing = 0;
		};
/* End PBXFrameworksBuildPhase section */

/* Begin PBXGroup section */
		2C1B1F631FCE55D20002C6AC /* Spectrum */ = {
			isa = PBXGroup;
			children = (
				2C4A0ECB1FD40C0800324F38 /* SpectrumView.swift */,
				2C1B1F5D1FCE556F0002C6AC /* SpectrumViewController.swift */,
				2C1B1F6A1FCE569D0002C6AC /* SpectrumConfigViewController.swift */,
			);
			path = Spectrum;
			sourceTree = "<group>";
		};
		2C1B1F641FCE55D40002C6AC /* Dynamics */ = {
			isa = PBXGroup;
			children = (
				2C1B1F5F1FCE55810002C6AC /* DynamicsViewController.swift */,
				2C1B1F681FCE567F0002C6AC /* DynamicsConfigViewController.swift */,
				2C9FC93C1FD0ECB500A9DE5B /* MeterView.swift */,
				2C26688A1FD1170500F083C9 /* MeterBarView.swift */,
				2C26688C1FD1180100F083C9 /* MeterTicksView.swift */,
			);
			path = Dynamics;
			sourceTree = "<group>";
		};
		2C1B1F651FCE55D40002C6AC /* Spatial */ = {
			isa = PBXGroup;
			children = (
				2CDE04BA1FD6DB7B0063A5B2 /* LissajousView.swift */,
				2CDE04BC1FD6DB990063A5B2 /* PhaseMeterView.swift */,
				2C1B1F611FCE55950002C6AC /* SpatialViewController.swift */,
				2C1B1F661FCE56330002C6AC /* SpatialConfigViewController.swift */,
			);
			path = Spatial;
			sourceTree = "<group>";
		};
		2C1B1F6E1FCE64E60002C6AC /* Frameworks */ = {
			isa = PBXGroup;
			children = (
				2C30492F1FD02EC3009CD922 /* AudioToolbox.framework */,
				2C1B1F6F1FCE64E70002C6AC /* AVFoundation.framework */,
			);
			name = Frameworks;
			sourceTree = "<group>";
		};
		2C3049171FCFD50E009CD922 /* DSP */ = {
			isa = PBXGroup;
			children = (
				2C30492C1FD01660009CD922 /* AudioController.swift */,
				2C30491B1FCFD530009CD922 /* Dynamics */,
				2C30491A1FCFD52F009CD922 /* Spectrum */,
				2C3049191FCFD52D009CD922 /* Spatial */,
				2C3049151FCFD197009CD922 /* OnePoleFilter.swift */,
			);
			path = DSP;
			sourceTree = "<group>";
		};
		2C3049181FCFD519009CD922 /* GUI */ = {
			isa = PBXGroup;
			children = (
				2C1B1F651FCE55D40002C6AC /* Spatial */,
				2C1B1F641FCE55D40002C6AC /* Dynamics */,
				2C1B1F631FCE55D20002C6AC /* Spectrum */,
			);
			path = GUI;
			sourceTree = "<group>";
		};
		2C3049191FCFD52D009CD922 /* Spatial */ = {
			isa = PBXGroup;
			children = (
				2C4CE19F1FD6FD0E00619A4F /* SpatialAnalyzer.swift */,
				2C4CE1A31FD7083B00619A4F /* Goniometer.swift */,
				2C4CE1A11FD7007000619A4F /* PhaseMeter.swift */,
			);
			path = Spatial;
			sourceTree = "<group>";
		};
		2C30491A1FCFD52F009CD922 /* Spectrum */ = {
			isa = PBXGroup;
			children = (
				2C04FC4A1FD32D3F00D0A8FF /* SpectrumAnalyzer.swift */,
				2C4A0EC91FD3F2BC00324F38 /* FFT.swift */,
			);
			path = Spectrum;
			sourceTree = "<group>";
		};
		2C30491B1FCFD530009CD922 /* Dynamics */ = {
			isa = PBXGroup;
			children = (
				2C3049201FCFED06009CD922 /* Trackers.swift */,
				2C3049281FCFFF1F009CD922 /* Holders.swift */,
				2C30492A1FD00D86009CD922 /* DecibelManager.swift */,
				2C3049241FCFEDA2009CD922 /* BaseTracker.swift */,
				2C3049261FCFEE4C009CD922 /* Meter.swift */,
				2C3049221FCFED4F009CD922 /* DynamicsAnalayzer.swift */,
			);
			path = Dynamics;
			sourceTree = "<group>";
		};
		2CB38E4A1FCE2C9F00CDC16B = {
			isa = PBXGroup;
			children = (
				2CB38E551FCE2C9F00CDC16B /* AudioAnalyzer */,
				2CB38E541FCE2C9F00CDC16B /* Products */,
				2C1B1F6E1FCE64E60002C6AC /* Frameworks */,
			);
			sourceTree = "<group>";
		};
		2CB38E541FCE2C9F00CDC16B /* Products */ = {
			isa = PBXGroup;
			children = (
				2CB38E531FCE2C9F00CDC16B /* AudioAnalyzer.app */,
			);
			name = Products;
			sourceTree = "<group>";
		};
		2CB38E551FCE2C9F00CDC16B /* AudioAnalyzer */ = {
			isa = PBXGroup;
			children = (
				2C30492E1FD02EC2009CD922 /* AudioAnalyzer.entitlements */,
				2C3049181FCFD519009CD922 /* GUI */,
				2C3049171FCFD50E009CD922 /* DSP */,
				2CB38E561FCE2C9F00CDC16B /* AppDelegate.swift */,
				2CB38E5C1FCE2C9F00CDC16B /* Main.storyboard */,
				2CB38E5F1FCE2C9F00CDC16B /* Assets.xcassets */,
				2CB38E611FCE2C9F00CDC16B /* LaunchScreen.storyboard */,
				2CB38E641FCE2C9F00CDC16B /* Info.plist */,
			);
			path = AudioAnalyzer;
			sourceTree = "<group>";
		};
/* End PBXGroup section */

/* Begin PBXNativeTarget section */
		2CB38E521FCE2C9F00CDC16B /* AudioAnalyzer */ = {
			isa = PBXNativeTarget;
			buildConfigurationList = 2CB38E671FCE2C9F00CDC16B /* Build configuration list for PBXNativeTarget "AudioAnalyzer" */;
			buildPhases = (
				2CB38E4F1FCE2C9F00CDC16B /* Sources */,
				2CB38E501FCE2C9F00CDC16B /* Frameworks */,
				2CB38E511FCE2C9F00CDC16B /* Resources */,
			);
			buildRules = (
			);
			dependencies = (
			);
			name = AudioAnalyzer;
			productName = AudioAnalyzer;
			productReference = 2CB38E531FCE2C9F00CDC16B /* AudioAnalyzer.app */;
			productType = "com.apple.product-type.application";
		};
/* End PBXNativeTarget section */

/* Begin PBXProject section */
		2CB38E4B1FCE2C9F00CDC16B /* Project object */ = {
			isa = PBXProject;
			attributes = {
				LastSwiftUpdateCheck = 0910;
				LastUpgradeCheck = 0910;
				ORGANIZATIONNAME = JuanSaudio;
				TargetAttributes = {
					2CB38E521FCE2C9F00CDC16B = {
						CreatedOnToolsVersion = 9.1;
						ProvisioningStyle = Automatic;
						SystemCapabilities = {
							com.apple.InterAppAudio = {
								enabled = 1;
							};
						};
					};
				};
			};
			buildConfigurationList = 2CB38E4E1FCE2C9F00CDC16B /* Build configuration list for PBXProject "AudioAnalyzer" */;
			compatibilityVersion = "Xcode 8.0";
			developmentRegion = en;
			hasScannedForEncodings = 0;
			knownRegions = (
				en,
				Base,
			);
			mainGroup = 2CB38E4A1FCE2C9F00CDC16B;
			productRefGroup = 2CB38E541FCE2C9F00CDC16B /* Products */;
			projectDirPath = "";
			projectRoot = "";
			targets = (
				2CB38E521FCE2C9F00CDC16B /* AudioAnalyzer */,
			);
		};
/* End PBXProject section */

/* Begin PBXResourcesBuildPhase section */
		2CB38E511FCE2C9F00CDC16B /* Resources */ = {
			isa = PBXResourcesBuildPhase;
			buildActionMask = 2147483647;
			files = (
				2CB38E631FCE2C9F00CDC16B /* LaunchScreen.storyboard in Resources */,
				2CB38E601FCE2C9F00CDC16B /* Assets.xcassets in Resources */,
				2CB38E5E1FCE2C9F00CDC16B /* Main.storyboard in Resources */,
			);
			runOnlyForDeploymentPostprocessing = 0;
		};
/* End PBXResourcesBuildPhase section */

/* Begin PBXSourcesBuildPhase section */
		2CB38E4F1FCE2C9F00CDC16B /* Sources */ = {
			isa = PBXSourcesBuildPhase;
			buildActionMask = 2147483647;
			files = (
				2C1B1F601FCE55810002C6AC /* DynamicsViewController.swift in Sources */,
				2C9FC93D1FD0ECB500A9DE5B /* MeterView.swift in Sources */,
				2CDE04BB1FD6DB7B0063A5B2 /* LissajousView.swift in Sources */,
				2C1B1F6B1FCE569D0002C6AC /* SpectrumConfigViewController.swift in Sources */,
				2C4CE1A01FD6FD0E00619A4F /* SpatialAnalyzer.swift in Sources */,
				2C4A0ECC1FD40C0800324F38 /* SpectrumView.swift in Sources */,
				2CB38E571FCE2C9F00CDC16B /* AppDelegate.swift in Sources */,
				2C4CE1A21FD7007000619A4F /* PhaseMeter.swift in Sources */,
				2C3049251FCFEDA2009CD922 /* BaseTracker.swift in Sources */,
				2C3049271FCFEE4C009CD922 /* Meter.swift in Sources */,
				2C04FC4B1FD32D3F00D0A8FF /* SpectrumAnalyzer.swift in Sources */,
				2C1B1F671FCE56330002C6AC /* SpatialConfigViewController.swift in Sources */,
				2C4CE1A41FD7083B00619A4F /* Goniometer.swift in Sources */,
				2C30492D1FD01660009CD922 /* AudioController.swift in Sources */,
				2C1B1F5E1FCE556F0002C6AC /* SpectrumViewController.swift in Sources */,
				2C3049291FCFFF1F009CD922 /* Holders.swift in Sources */,
				2C4A0ECA1FD3F2BC00324F38 /* FFT.swift in Sources */,
				2C26688B1FD1170500F083C9 /* MeterBarView.swift in Sources */,
				2C30492B1FD00D86009CD922 /* DecibelManager.swift in Sources */,
				2C3049231FCFED4F009CD922 /* DynamicsAnalayzer.swift in Sources */,
				2CDE04BD1FD6DB990063A5B2 /* PhaseMeterView.swift in Sources */,
				2C26688D1FD1180100F083C9 /* MeterTicksView.swift in Sources */,
				2C1B1F691FCE567F0002C6AC /* DynamicsConfigViewController.swift in Sources */,
				2C3049161FCFD197009CD922 /* OnePoleFilter.swift in Sources */,
				2C1B1F621FCE55950002C6AC /* SpatialViewController.swift in Sources */,
				2C3049211FCFED06009CD922 /* Trackers.swift in Sources */,
			);
			runOnlyForDeploymentPostprocessing = 0;
		};
/* End PBXSourcesBuildPhase section */

/* Begin PBXVariantGroup section */
		2CB38E5C1FCE2C9F00CDC16B /* Main.storyboard */ = {
			isa = PBXVariantGroup;
			children = (
				2CB38E5D1FCE2C9F00CDC16B /* Base */,
			);
			name = Main.storyboard;
			sourceTree = "<group>";
		};
		2CB38E611FCE2C9F00CDC16B /* LaunchScreen.storyboard */ = {
			isa = PBXVariantGroup;
			children = (
				2CB38E621FCE2C9F00CDC16B /* Base */,
			);
			name = LaunchScreen.storyboard;
			sourceTree = "<group>";
		};
/* End PBXVariantGroup section */

/* Begin XCBuildConfiguration section */
		2CB38E651FCE2C9F00CDC16B /* Debug */ = {
			isa = XCBuildConfiguration;
			buildSettings = {
				ALWAYS_SEARCH_USER_PATHS = NO;
				CLANG_ANALYZER_NONNULL = YES;
				CLANG_ANALYZER_NUMBER_OBJECT_CONVERSION = YES_AGGRESSIVE;
				CLANG_CXX_LANGUAGE_STANDARD = "gnu++14";
				CLANG_CXX_LIBRARY = "libc++";
				CLANG_ENABLE_MODULES = YES;
				CLANG_ENABLE_OBJC_ARC = YES;
				CLANG_WARN_BLOCK_CAPTURE_AUTORELEASING = YES;
				CLANG_WARN_BOOL_CONVERSION = YES;
				CLANG_WARN_COMMA = YES;
				CLANG_WARN_CONSTANT_CONVERSION = YES;
				CLANG_WARN_DIRECT_OBJC_ISA_USAGE = YES_ERROR;
				CLANG_WARN_DOCUMENTATION_COMMENTS = YES;
				CLANG_WARN_EMPTY_BODY = YES;
				CLANG_WARN_ENUM_CONVERSION = YES;
				CLANG_WARN_INFINITE_RECURSION = YES;
				CLANG_WARN_INT_CONVERSION = YES;
				CLANG_WARN_NON_LITERAL_NULL_CONVERSION = YES;
				CLANG_WARN_OBJC_LITERAL_CONVERSION = YES;
				CLANG_WARN_OBJC_ROOT_CLASS = YES_ERROR;
				CLANG_WARN_RANGE_LOOP_ANALYSIS = YES;
				CLANG_WARN_STRICT_PROTOTYPES = YES;
				CLANG_WARN_SUSPICIOUS_MOVE = YES;
				CLANG_WARN_UNGUARDED_AVAILABILITY = YES_AGGRESSIVE;
				CLANG_WARN_UNREACHABLE_CODE = YES;
				CLANG_WARN__DUPLICATE_METHOD_MATCH = YES;
				CODE_SIGN_IDENTITY = "iPhone Developer";
				COPY_PHASE_STRIP = NO;
				DEBUG_INFORMATION_FORMAT = dwarf;
				ENABLE_STRICT_OBJC_MSGSEND = YES;
				ENABLE_TESTABILITY = YES;
				GCC_C_LANGUAGE_STANDARD = gnu11;
				GCC_DYNAMIC_NO_PIC = NO;
				GCC_NO_COMMON_BLOCKS = YES;
				GCC_OPTIMIZATION_LEVEL = 0;
				GCC_PREPROCESSOR_DEFINITIONS = (
					"DEBUG=1",
					"$(inherited)",
				);
				GCC_WARN_64_TO_32_BIT_CONVERSION = YES;
				GCC_WARN_ABOUT_RETURN_TYPE = YES_ERROR;
				GCC_WARN_UNDECLARED_SELECTOR = YES;
				GCC_WARN_UNINITIALIZED_AUTOS = YES_AGGRESSIVE;
				GCC_WARN_UNUSED_FUNCTION = YES;
				GCC_WARN_UNUSED_VARIABLE = YES;
				IPHONEOS_DEPLOYMENT_TARGET = 11.1;
				MTL_ENABLE_DEBUG_INFO = YES;
				ONLY_ACTIVE_ARCH = YES;
				SDKROOT = iphoneos;
				SWIFT_ACTIVE_COMPILATION_CONDITIONS = DEBUG;
				SWIFT_OPTIMIZATION_LEVEL = "-Onone";
			};
			name = Debug;
		};
		2CB38E661FCE2C9F00CDC16B /* Release */ = {
			isa = XCBuildConfiguration;
			buildSettings = {
				ALWAYS_SEARCH_USER_PATHS = NO;
				CLANG_ANALYZER_NONNULL = YES;
				CLANG_ANALYZER_NUMBER_OBJECT_CONVERSION = YES_AGGRESSIVE;
				CLANG_CXX_LANGUAGE_STANDARD = "gnu++14";
				CLANG_CXX_LIBRARY = "libc++";
				CLANG_ENABLE_MODULES = YES;
				CLANG_ENABLE_OBJC_ARC = YES;
				CLANG_WARN_BLOCK_CAPTURE_AUTORELEASING = YES;
				CLANG_WARN_BOOL_CONVERSION = YES;
				CLANG_WARN_COMMA = YES;
				CLANG_WARN_CONSTANT_CONVERSION = YES;
				CLANG_WARN_DIRECT_OBJC_ISA_USAGE = YES_ERROR;
				CLANG_WARN_DOCUMENTATION_COMMENTS = YES;
				CLANG_WARN_EMPTY_BODY = YES;
				CLANG_WARN_ENUM_CONVERSION = YES;
				CLANG_WARN_INFINITE_RECURSION = YES;
				CLANG_WARN_INT_CONVERSION = YES;
				CLANG_WARN_NON_LITERAL_NULL_CONVERSION = YES;
				CLANG_WARN_OBJC_LITERAL_CONVERSION = YES;
				CLANG_WARN_OBJC_ROOT_CLASS = YES_ERROR;
				CLANG_WARN_RANGE_LOOP_ANALYSIS = YES;
				CLANG_WARN_STRICT_PROTOTYPES = YES;
				CLANG_WARN_SUSPICIOUS_MOVE = YES;
				CLANG_WARN_UNGUARDED_AVAILABILITY = YES_AGGRESSIVE;
				CLANG_WARN_UNREACHABLE_CODE = YES;
				CLANG_WARN__DUPLICATE_METHOD_MATCH = YES;
				CODE_SIGN_IDENTITY = "iPhone Developer";
				COPY_PHASE_STRIP = NO;
				DEBUG_INFORMATION_FORMAT = "dwarf-with-dsym";
				ENABLE_NS_ASSERTIONS = NO;
				ENABLE_STRICT_OBJC_MSGSEND = YES;
				GCC_C_LANGUAGE_STANDARD = gnu11;
				GCC_NO_COMMON_BLOCKS = YES;
				GCC_WARN_64_TO_32_BIT_CONVERSION = YES;
				GCC_WARN_ABOUT_RETURN_TYPE = YES_ERROR;
				GCC_WARN_UNDECLARED_SELECTOR = YES;
				GCC_WARN_UNINITIALIZED_AUTOS = YES_AGGRESSIVE;
				GCC_WARN_UNUSED_FUNCTION = YES;
				GCC_WARN_UNUSED_VARIABLE = YES;
				IPHONEOS_DEPLOYMENT_TARGET = 11.1;
				MTL_ENABLE_DEBUG_INFO = NO;
				SDKROOT = iphoneos;
				SWIFT_OPTIMIZATION_LEVEL = "-Owholemodule";
				VALIDATE_PRODUCT = YES;
			};
			name = Release;
		};
		2CB38E681FCE2C9F00CDC16B /* Debug */ = {
			isa = XCBuildConfiguration;
			buildSettings = {
				ASSETCATALOG_COMPILER_APPICON_NAME = AppIcon;
				CODE_SIGN_ENTITLEMENTS = AudioAnalyzer/AudioAnalyzer.entitlements;
				CODE_SIGN_STYLE = Automatic;
				DEVELOPMENT_TEAM = E7GU64QC9B;
				INFOPLIST_FILE = AudioAnalyzer/Info.plist;
				LD_RUNPATH_SEARCH_PATHS = "$(inherited) @executable_path/Frameworks";
				PRODUCT_BUNDLE_IDENTIFIER = com.JuanSaudio.AudioAnalyzer;
				PRODUCT_NAME = "$(TARGET_NAME)";
				SWIFT_VERSION = 4.0;
				TARGETED_DEVICE_FAMILY = "1,2";
			};
			name = Debug;
		};
		2CB38E691FCE2C9F00CDC16B /* Release */ = {
			isa = XCBuildConfiguration;
			buildSettings = {
				ASSETCATALOG_COMPILER_APPICON_NAME = AppIcon;
				CODE_SIGN_ENTITLEMENTS = AudioAnalyzer/AudioAnalyzer.entitlements;
				CODE_SIGN_STYLE = Automatic;
				DEVELOPMENT_TEAM = E7GU64QC9B;
				INFOPLIST_FILE = AudioAnalyzer/Info.plist;
				LD_RUNPATH_SEARCH_PATHS = "$(inherited) @executable_path/Frameworks";
				PRODUCT_BUNDLE_IDENTIFIER = com.JuanSaudio.AudioAnalyzer;
				PRODUCT_NAME = "$(TARGET_NAME)";
				SWIFT_VERSION = 4.0;
				TARGETED_DEVICE_FAMILY = "1,2";
			};
			name = Release;
		};
/* End XCBuildConfiguration section */

/* Begin XCConfigurationList section */
		2CB38E4E1FCE2C9F00CDC16B /* Build configuration list for PBXProject "AudioAnalyzer" */ = {
			isa = XCConfigurationList;
			buildConfigurations = (
				2CB38E651FCE2C9F00CDC16B /* Debug */,
				2CB38E661FCE2C9F00CDC16B /* Release */,
			);
			defaultConfigurationIsVisible = 0;
			defaultConfigurationName = Release;
		};
		2CB38E671FCE2C9F00CDC16B /* Build configuration list for PBXNativeTarget "AudioAnalyzer" */ = {
			isa = XCConfigurationList;
			buildConfigurations = (
				2CB38E681FCE2C9F00CDC16B /* Debug */,
				2CB38E691FCE2C9F00CDC16B /* Release */,
			);
			defaultConfigurationIsVisible = 0;
			defaultConfigurationName = Release;
		};
/* End XCConfigurationList section */
	};
	rootObject = 2CB38E4B1FCE2C9F00CDC16B /* Project object */;
}
